Microsoft Visual Studio Solution File, Format Version 11.00
# Visual Studio 2008

Project("{806ED8D4-F50F-21BF-FEDE-CB601D9B59B6}") = "Game3DMultiplayer", "Assembly-CSharp.csproj", "{5E451407-3996-EEA3-5947-3BB0B62766B4}"
EndProject
Global
	GlobalSection(SolutionConfigurationPlatforms) = preSolution
		Debug|Any CPU = Debug|Any CPU
		Release|Any CPU = Release|Any CPU
	EndGlobalSection
	GlobalSection(ProjectConfigurationPlatforms) = postSolution
		{5E451407-3996-EEA3-5947-3BB0B62766B4}.Debug|Any CPU.ActiveCfg = Debug|Any CPU
		{5E451407-3996-EEA3-5947-3BB0B62766B4}.Debug|Any CPU.Build.0 = Debug|Any CPU
		{5E451407-3996-EEA3-5947-3BB0B62766B4}.Release|Any CPU.ActiveCfg = Release|Any CPU
		{5E451407-3996-EEA3-5947-3BB0B62766B4}.Release|Any CPU.Build.0 = Release|Any CPU
	EndGlobalSection
	GlobalSection(SolutionProperties) = preSolution
		HideSolutionNode = FALSE
	EndGlobalSection
	GlobalSection(MonoDevelopProperties) = preSolution
		StartupItem = Assembly-CSharp.csproj
	EndGlobalSection
EndGlobal
